<?xml version="1.0" encoding="UTF-8" standalone="yes" ?>
<CodeBlocks_project_file>
	<FileVersion major="1" minor="6" />
	<Project>
		<Option title="ildaBallDroppings" />
		<Option makefile_is_custom="1" />
		<Option pch_mode="2" />
		<Option compiler="gcc" />
		<Option virtualFolders="addons/;src/;build config/;addons/ofxNetwork/src/;addons/ofxEtherdream/src/;addons/ofxIlda/src/;addons/ofxEtherdream/libs/driver/libetherdream/;addons/ofxEtherdream/libs/common/;" />
		<Build>
			<Target title="Debug">
				<Option output="bin/$(PROJECT_NAME)_debug" prefix_auto="1" extension_auto="1" />
				<Option working_dir="bin" />
				<Option object_output="obj/Debug/" />
				<Option external_deps="../../../libs/openFrameworksCompiled/lib/linux64/libopenFrameworksDebug.a;" />
				<Option type="1" />
				<Option compiler="gcc" />
				<Option projectLinkerOptionsRelation="2" />
			</Target>
			<Target title="Release">
				<Option output="bin/$(PROJECT_NAME)" prefix_auto="1" extension_auto="1" />
				<Option working_dir="bin" />
				<Option object_output="obj/Release/" />
				<Option external_deps="../../../libs/openFrameworksCompiled/lib/linux64/libopenFrameworks.a;" />
				<Option type="1" />
				<Option compiler="gcc" />
				<Option projectLinkerOptionsRelation="2" />
			</Target>
		</Build>
		<Unit filename="../../../addons/ofxEtherdream/libs/common/protocol.h">
			<Option virtualFolder="addons/ofxEtherdream/libs/common" />
		</Unit>
		<Unit filename="../../../addons/ofxEtherdream/libs/driver/libetherdream/etherdream.c">
			<Option compilerVar="CC" />
			<Option virtualFolder="addons/ofxEtherdream/libs/driver/libetherdream" />
		</Unit>
		<Unit filename="../../../addons/ofxEtherdream/libs/driver/libetherdream/etherdream.h">
			<Option virtualFolder="addons/ofxEtherdream/libs/driver/libetherdream" />
		</Unit>
		<Unit filename="../../../addons/ofxEtherdream/libs/driver/libetherdream/test.c">
			<Option compilerVar="CC" />
			<Option virtualFolder="addons/ofxEtherdream/libs/driver/libetherdream" />
		</Unit>
		<Unit filename="../../../addons/ofxEtherdream/src/ofxEtherdream.cpp">
			<Option virtualFolder="addons/ofxEtherdream/src" />
		</Unit>
		<Unit filename="../../../addons/ofxEtherdream/src/ofxEtherdream.h">
			<Option virtualFolder="addons/ofxEtherdream/src" />
		</Unit>
		<Unit filename="../../../addons/ofxIlda/src/ofxIldaFrame.h">
			<Option virtualFolder="addons/ofxIlda/src" />
		</Unit>
		<Unit filename="../../../addons/ofxIlda/src/ofxIldaPoint.h">
			<Option virtualFolder="addons/ofxIlda/src" />
		</Unit>
		<Unit filename="../../../addons/ofxIlda/src/ofxIldaPoly.h">
			<Option virtualFolder="addons/ofxIlda/src" />
		</Unit>
		<Unit filename="../../../addons/ofxIlda/src/ofxIldaPolyProcessor.h">
			<Option virtualFolder="addons/ofxIlda/src" />
		</Unit>
		<Unit filename="../../../addons/ofxIlda/src/ofxIldaRenderTarget.h">
			<Option virtualFolder="addons/ofxIlda/src" />
		</Unit>
		<Unit filename="../../../addons/ofxNetwork/src/ofxNetwork.h">
			<Option virtualFolder="addons/ofxNetwork/src" />
		</Unit>
		<Unit filename="../../../addons/ofxNetwork/src/ofxNetworkUtils.h">
			<Option virtualFolder="addons/ofxNetwork/src" />
		</Unit>
		<Unit filename="../../../addons/ofxNetwork/src/ofxTCPClient.cpp">
			<Option virtualFolder="addons/ofxNetwork/src" />
		</Unit>
		<Unit filename="../../../addons/ofxNetwork/src/ofxTCPClient.h">
			<Option virtualFolder="addons/ofxNetwork/src" />
		</Unit>
		<Unit filename="../../../addons/ofxNetwork/src/ofxTCPManager.cpp">
			<Option virtualFolder="addons/ofxNetwork/src" />
		</Unit>
		<Unit filename="../../../addons/ofxNetwork/src/ofxTCPManager.h">
			<Option virtualFolder="addons/ofxNetwork/src" />
		</Unit>
		<Unit filename="../../../addons/ofxNetwork/src/ofxTCPServer.cpp">
			<Option virtualFolder="addons/ofxNetwork/src" />
		</Unit>
		<Unit filename="../../../addons/ofxNetwork/src/ofxTCPServer.h">
			<Option virtualFolder="addons/ofxNetwork/src" />
		</Unit>
		<Unit filename="../../../addons/ofxNetwork/src/ofxUDPManager.cpp">
			<Option virtualFolder="addons/ofxNetwork/src" />
		</Unit>
		<Unit filename="../../../addons/ofxNetwork/src/ofxUDPManager.h">
			<Option virtualFolder="addons/ofxNetwork/src" />
		</Unit>
		<Unit filename="config.make">
			<Option virtualFolder="build config" />
		</Unit>
		<Unit filename="src/Ball.cpp">
			<Option virtualFolder="src/" />
		</Unit>
		<Unit filename="src/Ball.h">
			<Option virtualFolder="src/" />
		</Unit>
		<Unit filename="src/Line.cpp">
			<Option virtualFolder="src/" />
		</Unit>
		<Unit filename="src/Line.h">
			<Option virtualFolder="src/" />
		</Unit>
		<Unit filename="src/List.cpp">
			<Option virtualFolder="src/" />
		</Unit>
		<Unit filename="src/List.h">
			<Option virtualFolder="src/" />
		</Unit>
		<Unit filename="src/V3.cpp">
			<Option virtualFolder="src/" />
		</Unit>
		<Unit filename="src/V3.h">
			<Option virtualFolder="src/" />
		</Unit>
		<Unit filename="src/main.cpp">
			<Option virtualFolder="src/" />
		</Unit>
		<Unit filename="src/testApp.cpp">
			<Option virtualFolder="src/" />
		</Unit>
		<Unit filename="src/testApp.h">
			<Option virtualFolder="src/" />
		</Unit>
		<Extensions>
			<code_completion />
			<envvars />
			<debugger />
		</Extensions>
	</Project>
</CodeBlocks_project_file>
